
Microsoft Visual Studio Solution File, Format Version 12.00
# Visual Studio 14
VisualStudioVersion = 14.0.24720.0
MinimumVisualStudioVersion = 10.0.40219.1
Project("{FAE04EC0-301F-11D3-BF4B-00C04F79EFBC}") = "Coordination.Server", "Coordination.Server\Coordination.Server.csproj", "{03BC779D-5E3E-47B0-8051-E71B107F21C4}"
EndProject
Project("{FAE04EC0-301F-11D3-BF4B-00C04F79EFBC}") = "Coordination.Model", "Coordination.Model\Coordination.Model.csproj", "{9E8B28F6-F04F-4596-A451-868B0A1F2242}"
EndProject
Global
	GlobalSection(SolutionConfigurationPlatforms) = preSolution
		Debug|Any CPU = Debug|Any CPU
		Release|Any CPU = Release|Any CPU
	EndGlobalSection
	GlobalSection(ProjectConfigurationPlatforms) = postSolution
		{03BC779D-5E3E-47B0-8051-E71B107F21C4}.Debug|Any CPU.ActiveCfg = Debug|Any CPU
		{03BC779D-5E3E-47B0-8051-E71B107F21C4}.Debug|Any CPU.Build.0 = Debug|Any CPU
		{03BC779D-5E3E-47B0-8051-E71B107F21C4}.Release|Any CPU.ActiveCfg = Release|Any CPU
		{03BC779D-5E3E-47B0-8051-E71B107F21C4}.Release|Any CPU.Build.0 = Release|Any CPU
		{9E8B28F6-F04F-4596-A451-868B0A1F2242}.Debug|Any CPU.ActiveCfg = Debug|Any CPU
		{9E8B28F6-F04F-4596-A451-868B0A1F2242}.Debug|Any CPU.Build.0 = Debug|Any CPU
		{9E8B28F6-F04F-4596-A451-868B0A1F2242}.Release|Any CPU.ActiveCfg = Release|Any CPU
		{9E8B28F6-F04F-4596-A451-868B0A1F2242}.Release|Any CPU.Build.0 = Release|Any CPU
	EndGlobalSection
	GlobalSection(SolutionProperties) = preSolution
		HideSolutionNode = FALSE
	EndGlobalSection
EndGlobal
